
Microsoft Visual Studio Solution File, Format Version 12.00
# Visual Studio Version 17
VisualStudioVersion = 17.0.31903.59
MinimumVisualStudioVersion = 10.0.40219.1
Project("{FAE04EC0-301F-11D3-BF4B-00C04F79EFBC}") = "NotificationService.Core", "NotificationService.Core\NotificationService.Core.csproj", "{14E60E1A-0C7C-4BDB-9C39-07230BD8B6B0}"
EndProject
Project("{FAE04EC0-301F-11D3-BF4B-00C04F79EFBC}") = "NotificationService.Application", "NotificationService.Application\NotificationService.Application.csproj", "{1AEFD325-6C39-434C-A52A-84D538DC4045}"
EndProject
Project("{FAE04EC0-301F-11D3-BF4B-00C04F79EFBC}") = "NotificationService.Api", "NotificationService.Api\NotificationService.Api.csproj", "{3BAF2193-320D-4D23-B72B-E58C09A222E7}"
EndProject
Global
	GlobalSection(SolutionConfigurationPlatforms) = preSolution
		Debug|Any CPU = Debug|Any CPU
		Release|Any CPU = Release|Any CPU
	EndGlobalSection
	GlobalSection(SolutionProperties) = preSolution
		HideSolutionNode = FALSE
	EndGlobalSection
	GlobalSection(ProjectConfigurationPlatforms) = postSolution
		{14E60E1A-0C7C-4BDB-9C39-07230BD8B6B0}.Debug|Any CPU.ActiveCfg = Debug|Any CPU
		{14E60E1A-0C7C-4BDB-9C39-07230BD8B6B0}.Debug|Any CPU.Build.0 = Debug|Any CPU
		{14E60E1A-0C7C-4BDB-9C39-07230BD8B6B0}.Release|Any CPU.ActiveCfg = Release|Any CPU
		{14E60E1A-0C7C-4BDB-9C39-07230BD8B6B0}.Release|Any CPU.Build.0 = Release|Any CPU
		{1AEFD325-6C39-434C-A52A-84D538DC4045}.Debug|Any CPU.ActiveCfg = Debug|Any CPU
		{1AEFD325-6C39-434C-A52A-84D538DC4045}.Debug|Any CPU.Build.0 = Debug|Any CPU
		{1AEFD325-6C39-434C-A52A-84D538DC4045}.Release|Any CPU.ActiveCfg = Release|Any CPU
		{1AEFD325-6C39-434C-A52A-84D538DC4045}.Release|Any CPU.Build.0 = Release|Any CPU
		{3BAF2193-320D-4D23-B72B-E58C09A222E7}.Debug|Any CPU.ActiveCfg = Debug|Any CPU
		{3BAF2193-320D-4D23-B72B-E58C09A222E7}.Debug|Any CPU.Build.0 = Debug|Any CPU
		{3BAF2193-320D-4D23-B72B-E58C09A222E7}.Release|Any CPU.ActiveCfg = Release|Any CPU
		{3BAF2193-320D-4D23-B72B-E58C09A222E7}.Release|Any CPU.Build.0 = Release|Any CPU
	EndGlobalSection
EndGlobal
